{
    "_meta": {
        "hash": {
            "sha256": "51de72bb76b1742fe26bbbc55bed2418ac5b4062e457812faf29d3d109b048a9"
        },
        "pipfile-spec": 6,
        "requires": {
            "python_version": "3.6"
        },
        "sources": [
            {
                "name": "pypi",
                "url": "https://pypi.org/simple",
                "verify_ssl": true
            }
        ]
    },
    "default": {
        "pillow": {
            "hashes": [
                "sha256:0a628977ac2e01ca96aaae247ec2bd38e729631ddf2221b4b715446fd45505be",
                "sha256:4d9ed9a64095e031435af120d3c910148067087541131e82b3e8db302f4c8946",
                "sha256:54ebae163e8412aff0b9df1e88adab65788f5f5b58e625dc5c7f51eaf14a6837",
                "sha256:5bfef0b1cdde9f33881c913af14e43db69815c7e8df429ceda4c70a5e529210f",
                "sha256:5f3546ceb08089cedb9e8ff7e3f6a7042bb5b37c2a95d392fb027c3e53a2da00",
                "sha256:5f7ae9126d16194f114435ebb79cc536b5682002a4fa57fa7bb2cbcde65f2f4d",
                "sha256:62a889aeb0a79e50ecf5af272e9e3c164148f4bd9636cc6bcfa182a52c8b0533",
                "sha256:7406f5a9b2fd966e79e6abdaf700585a4522e98d6559ce37fc52e5c955fade0a",
                "sha256:8453f914f4e5a3d828281a6628cf517832abfa13ff50679a4848926dac7c0358",
                "sha256:87269cc6ce1e3dee11f23fa515e4249ae678dbbe2704598a51cee76c52e19cda",
                "sha256:875358310ed7abd5320f21dd97351d62de4929b0426cdb1eaa904b64ac36b435",
                "sha256:8ac6ce7ff3892e5deaab7abaec763538ffd011f74dc1801d93d3c5fc541feee2",
                "sha256:91b710e3353aea6fc758cdb7136d9bbdcb26b53cefe43e2cba953ac3ee1d3313",
                "sha256:9d2ba4ed13af381233e2d810ff3bab84ef9f18430a9b336ab69eaf3cd24299ff",
                "sha256:a62ec5e13e227399be73303ff301f2865bf68657d15ea50b038d25fc41097317",
                "sha256:ab76e5580b0ed647a8d8d2d2daee170e8e9f8aad225ede314f684e297e3643c2",
                "sha256:bf4003aa538af3f4205c5fac56eacaa67a6dd81e454ffd9e9f055fff9f1bc614",
                "sha256:bf598d2e37cf8edb1a2f26ed3fb255191f5232badea4003c16301cb94ac5bdd0",
                "sha256:c18f70dc27cc5d236f10e7834236aff60aadc71346a5bc1f4f83a4b3abee6386",
                "sha256:c5ed816632204a2fc9486d784d8e0d0ae754347aba99c811458d69fcdfd2a2f9",
                "sha256:dc058b7833184970d1248135b8b0ab702e6daa833be14035179f2acb78ff5636",
                "sha256:ff3797f2f16bf9d17d53257612da84dd0758db33935777149b3334c01ff68865"
            ],
            "index": "pypi",
            "version": "==7.0.0"
        },
        "pymupdf": {
            "hashes": [
                "sha256:07687e9f12668601b4a32bcb7afa62930c478acb82e6a4bb550b56f4c1cae8f5",
                "sha256:0824a3c17108fbdcc64f90a5275e7be6c9bade843462b392e845c27633acf8a9",
                "sha256:127609d9551310b096b1b210cb7faf0dc5d7652d920f508220bd37d90576d94f",
                "sha256:154935d70341da7c7740ee434fa5c3832c87a23e960ea347c937b660fa8f8671",
                "sha256:353b22c5e3a91afc0a397fd11102cbc31665f9538c1582a4d9d2bdf3a71ec7fd",
                "sha256:364cbf7a95a088cab55796c890094353fa9a9f9470b3a347e35ddbad080e0060",
                "sha256:38ae986166b133dec47f81856969a447cba1c8673a4728adba478e8d3ecc5cc0",
                "sha256:658bd6e4af2603aaca3f56c4fa78eb98464312131c135986da2fec0fe610b964",
                "sha256:6997bb069412c322d49c9cefe5987c2e6a8b214a8066fcc30bb7753ce4856cc5",
                "sha256:6fd642704eb46a90b43223319977d8f05eb0566d9c620fa2a33c11a93b62be4b",
                "sha256:780581ba9a5179010970184148b88b4c11c41b61fe9b6cb7e064fdf82d000426",
                "sha256:8c1a7550be07838a1239da214013eaf96691f986a75891a6868aaadd4b08c525",
                "sha256:8fe70fdb7aba46c3efa981ae6307ce614e4570ecf6393f84efa9528f2cb4dc57",
                "sha256:903493e2436eb67ba07ac56de2f7baafce1a8a41e2b0eaf5ea587003e27ac037",
                "sha256:975a3d18312efa79ccb16df4aad18ba557e79db969d3c139720ed1ffe387c5ac",
                "sha256:9861d990e89a64cbab70d6fc175f317a07013746342ab2986c0d10400312b820",
                "sha256:9bfc670a0f3a2d2e34a1018baf7e2d90ffcf90436a26336735ec2cf9d0f01ee1",
                "sha256:ae9d90c075f67c9767f0d869dfb0d54f718ea91f8ef976e60e9c9aaefbbbb440",
                "sha256:cd907c84b43478771d23d7dc4017403e2452ef741bb2f56fea89c3827cca30df",
                "sha256:d5252778c7cd498a663ee704ee774c864aee47dd7f15998ef4b0ba465ddd4978",
                "sha256:dc9018079c36a6d1a1661b0cd456c45c2dd7d932e909c5b6b6c328832ad80ed2",
                "sha256:f24b38dc1551299c10ecbc5099919c056ad02e6212af336a3c51817902fa4d0f"
            ],
            "index": "pypi",
            "version": "==1.16.12"
        }
    },
    "develop": {}
}
