{
    "_meta": {
        "hash": {
            "sha256": "51de72bb76b1742fe26bbbc55bed2418ac5b4062e457812faf29d3d109b048a9"
        },
        "pipfile-spec": 6,
        "requires": {
            "python_version": "3.6"
        },
        "sources": [
            {
                "name": "pypi",
                "url": "https://pypi.org/simple",
                "verify_ssl": true
            }
        ]
    },
    "default": {
        "pillow": {
            "hashes": [
                "sha256:01bb0a34f1a6689b138c0089d670ae2e8f886d2666a9b2f2019031abdea673c4",
                "sha256:07872f1d8421db5a3fe770f7480835e5e90fddb58f36c216d4a2ac0d594de474",
                "sha256:1022f8f6dc3c5b0dcf928f1c49ba2ac73051f576af100d57776e2b65c1f76a8d",
                "sha256:14415e9e28410232370615dbde0cf0a00e526f522f665460344a5b96973a3086",
                "sha256:172acfaf00434a28dddfe592d83f2980e22e63c769ff4a448ddf7b7a38ffd165",
                "sha256:1c5e3c36f02c815766ae9dd91899b1c5b4652f2a37b7a51609f3bd467c0f11fb",
                "sha256:292f2aa1ae5c5c1451cb4b558addb88c257411d3fd71c6cf45562911baffc979",
                "sha256:2a40d7d4b17db87f5b9a1efc0aff56000e1d0d5ece415090c102aafa0ccbe858",
                "sha256:2f0d7034d5faae9a8d1019d152ede924f653df2ce77d3bba4ce62cd21b5f94ae",
                "sha256:33fdbd4f5608c852d97264f9d2e3b54e9e9959083d008145175b86100b275e5b",
                "sha256:3b13d89d97b551e02549d1f0edf22bed6acfd6fd2e888cd1e9a953bf215f0e81",
                "sha256:3e759bcc03d6f39bc751e56d86bc87252b9a21c689a27c5ed753717a87d53a5b",
                "sha256:3ec87bd1248b23a2e4e19e774367fbe30fddc73913edc5f9b37470624f55dc1f",
                "sha256:436b0a2dd9fe3f7aa6a444af6bdf53c1eb8f5ced9ea3ef104daa83f0ea18e7bc",
                "sha256:43b3c859912e8bf754b3c5142df624794b18eb7ae07cfeddc917e1a9406a3ef2",
                "sha256:4fe74636ee71c57a7f65d7b21a9f127d842b4fb75511e5d256ace258826eb352",
                "sha256:59445af66b59cc39530b4f810776928d75e95f41e945f0c32a3de4aceb93c15d",
                "sha256:69da5b1d7102a61ce9b45deb2920a2012d52fd8f4201495ea9411d0071b0ec22",
                "sha256:7094bbdecb95ebe53166e4c12cf5e28310c2b550b08c07c5dc15433898e2238e",
                "sha256:8211cac9bf10461f9e33fe9a3af6c5131f3fdd0d10672afc2abb2c70cf95c5ca",
                "sha256:8cf77e458bd996dc85455f10fe443c0c946f5b13253773439bcbec08aa1aebc2",
                "sha256:924fc33cb4acaf6267b8ca3b8f1922620d57a28470d5e4f49672cea9a841eb08",
                "sha256:99ce3333b40b7a4435e0a18baad468d44ab118a4b1da0af0a888893d03253f1d",
                "sha256:a7d690b2c5f7e4a932374615fedceb1e305d2dd5363c1de15961725fe10e7d16",
                "sha256:b9af590adc1e46898a1276527f3cfe2da8048ae43fbbf9b1bf9395f6c99d9b47",
                "sha256:bb18422ad00c1fecc731d06592e99c3be2c634da19e26942ba2f13d805005cf2",
                "sha256:c10af40ee2f1a99e1ae755ab1f773916e8bca3364029a042cd9161c400416bd8",
                "sha256:c143c409e7bc1db784471fe9d0bf95f37c4458e879ad84cfae640cb74ee11a26",
                "sha256:c448d2b335e21951416a30cd48d35588d122a912d5fe9e41900afacecc7d21a1",
                "sha256:d30f30c044bdc0ab8f3924e1eeaac87e0ff8a27e87369c5cac4064b6ec78fd83",
                "sha256:df534e64d4f3e84e8f1e1a37da3f541555d947c1c1c09b32178537f0f243f69d",
                "sha256:f6fc18f9c9c7959bf58e6faf801d14fafb6d4717faaf6f79a68c8bb2a13dcf20",
                "sha256:ff83dfeb04c98bb3e7948f876c17513a34e9a19fd92e292288649164924c1b39"
            ],
            "index": "pypi",
            "version": "==8.1.1"
        },
        "pymupdf": {
            "hashes": [
                "sha256:07687e9f12668601b4a32bcb7afa62930c478acb82e6a4bb550b56f4c1cae8f5",
                "sha256:0824a3c17108fbdcc64f90a5275e7be6c9bade843462b392e845c27633acf8a9",
                "sha256:127609d9551310b096b1b210cb7faf0dc5d7652d920f508220bd37d90576d94f",
                "sha256:154935d70341da7c7740ee434fa5c3832c87a23e960ea347c937b660fa8f8671",
                "sha256:353b22c5e3a91afc0a397fd11102cbc31665f9538c1582a4d9d2bdf3a71ec7fd",
                "sha256:364cbf7a95a088cab55796c890094353fa9a9f9470b3a347e35ddbad080e0060",
                "sha256:38ae986166b133dec47f81856969a447cba1c8673a4728adba478e8d3ecc5cc0",
                "sha256:658bd6e4af2603aaca3f56c4fa78eb98464312131c135986da2fec0fe610b964",
                "sha256:6997bb069412c322d49c9cefe5987c2e6a8b214a8066fcc30bb7753ce4856cc5",
                "sha256:6fd642704eb46a90b43223319977d8f05eb0566d9c620fa2a33c11a93b62be4b",
                "sha256:780581ba9a5179010970184148b88b4c11c41b61fe9b6cb7e064fdf82d000426",
                "sha256:8c1a7550be07838a1239da214013eaf96691f986a75891a6868aaadd4b08c525",
                "sha256:8fe70fdb7aba46c3efa981ae6307ce614e4570ecf6393f84efa9528f2cb4dc57",
                "sha256:903493e2436eb67ba07ac56de2f7baafce1a8a41e2b0eaf5ea587003e27ac037",
                "sha256:975a3d18312efa79ccb16df4aad18ba557e79db969d3c139720ed1ffe387c5ac",
                "sha256:9861d990e89a64cbab70d6fc175f317a07013746342ab2986c0d10400312b820",
                "sha256:9bfc670a0f3a2d2e34a1018baf7e2d90ffcf90436a26336735ec2cf9d0f01ee1",
                "sha256:ae9d90c075f67c9767f0d869dfb0d54f718ea91f8ef976e60e9c9aaefbbbb440",
                "sha256:cd907c84b43478771d23d7dc4017403e2452ef741bb2f56fea89c3827cca30df",
                "sha256:d5252778c7cd498a663ee704ee774c864aee47dd7f15998ef4b0ba465ddd4978",
                "sha256:dc9018079c36a6d1a1661b0cd456c45c2dd7d932e909c5b6b6c328832ad80ed2",
                "sha256:f24b38dc1551299c10ecbc5099919c056ad02e6212af336a3c51817902fa4d0f"
            ],
            "index": "pypi",
            "version": "==1.16.12"
        }
    },
    "develop": {}
}
