{
    "_meta": {
        "hash": {
            "sha256": "51de72bb76b1742fe26bbbc55bed2418ac5b4062e457812faf29d3d109b048a9"
        },
        "pipfile-spec": 6,
        "requires": {
            "python_version": "3.6"
        },
        "sources": [
            {
                "name": "pypi",
                "url": "https://pypi.org/simple",
                "verify_ssl": true
            }
        ]
    },
    "default": {
        "pillow": {
            "hashes": [
                "sha256:01425106e4e8cee195a411f729cff2a7d61813b0b11737c12bd5991f5f14bcd5",
                "sha256:031a6c88c77d08aab84fecc05c3cde8414cd6f8406f4d2b16fed1e97634cc8a4",
                "sha256:083781abd261bdabf090ad07bb69f8f5599943ddb539d64497ed021b2a67e5a9",
                "sha256:0d19d70ee7c2ba97631bae1e7d4725cdb2ecf238178096e8c82ee481e189168a",
                "sha256:0e04d61f0064b545b989126197930807c86bcbd4534d39168f4aa5fda39bb8f9",
                "sha256:12e5e7471f9b637762453da74e390e56cc43e486a88289995c1f4c1dc0bfe727",
                "sha256:22fd0f42ad15dfdde6c581347eaa4adb9a6fc4b865f90b23378aa7914895e120",
                "sha256:238c197fc275b475e87c1453b05b467d2d02c2915fdfdd4af126145ff2e4610c",
                "sha256:3b570f84a6161cf8865c4e08adf629441f56e32f180f7aa4ccbd2e0a5a02cba2",
                "sha256:463822e2f0d81459e113372a168f2ff59723e78528f91f0bd25680ac185cf797",
                "sha256:4d98abdd6b1e3bf1a1cbb14c3895226816e666749ac040c4e2554231068c639b",
                "sha256:5afe6b237a0b81bd54b53f835a153770802f164c5570bab5e005aad693dab87f",
                "sha256:5b70110acb39f3aff6b74cf09bb4169b167e2660dabc304c1e25b6555fa781ef",
                "sha256:5cbf3e3b1014dddc45496e8cf38b9f099c95a326275885199f427825c6522232",
                "sha256:624b977355cde8b065f6d51b98497d6cd5fbdd4f36405f7a8790e3376125e2bb",
                "sha256:63728564c1410d99e6d1ae8e3b810fe012bc440952168af0a2877e8ff5ab96b9",
                "sha256:66cc56579fd91f517290ab02c51e3a80f581aba45fd924fcdee01fa06e635812",
                "sha256:6c32cc3145928c4305d142ebec682419a6c0a8ce9e33db900027ddca1ec39178",
                "sha256:8b56553c0345ad6dcb2e9b433ae47d67f95fc23fe28a0bde15a120f25257e291",
                "sha256:8bb1e155a74e1bfbacd84555ea62fa21c58e0b4e7e6b20e4447b8d07990ac78b",
                "sha256:95d5ef984eff897850f3a83883363da64aae1000e79cb3c321915468e8c6add5",
                "sha256:a013cbe25d20c2e0c4e85a9daf438f85121a4d0344ddc76e33fd7e3965d9af4b",
                "sha256:a787ab10d7bb5494e5f76536ac460741788f1fbce851068d73a87ca7c35fc3e1",
                "sha256:a7d5e9fad90eff8f6f6106d3b98b553a88b6f976e51fce287192a5d2d5363713",
                "sha256:aac00e4bc94d1b7813fe882c28990c1bc2f9d0e1aa765a5f2b516e8a6a16a9e4",
                "sha256:b91c36492a4bbb1ee855b7d16fe51379e5f96b85692dc8210831fbb24c43e484",
                "sha256:c03c07ed32c5324939b19e36ae5f75c660c81461e312a41aea30acdd46f93a7c",
                "sha256:c5236606e8570542ed424849f7852a0ff0bce2c4c8d0ba05cc202a5a9c97dee9",
                "sha256:c6b39294464b03457f9064e98c124e09008b35a62e3189d3513e5148611c9388",
                "sha256:cb7a09e173903541fa888ba010c345893cd9fc1b5891aaf060f6ca77b6a3722d",
                "sha256:d68cb92c408261f806b15923834203f024110a2e2872ecb0bd2a110f89d3c602",
                "sha256:dc38f57d8f20f06dd7c3161c59ca2c86893632623f33a42d592f097b00f720a9",
                "sha256:e98eca29a05913e82177b3ba3d198b1728e164869c613d76d0de4bde6768a50e",
                "sha256:f217c3954ce5fd88303fc0c317af55d5e0204106d86dea17eb8205700d47dec2"
            ],
            "index": "pypi",
            "version": "==8.2.0"
        },
        "pymupdf": {
            "hashes": [
                "sha256:07687e9f12668601b4a32bcb7afa62930c478acb82e6a4bb550b56f4c1cae8f5",
                "sha256:0824a3c17108fbdcc64f90a5275e7be6c9bade843462b392e845c27633acf8a9",
                "sha256:127609d9551310b096b1b210cb7faf0dc5d7652d920f508220bd37d90576d94f",
                "sha256:154935d70341da7c7740ee434fa5c3832c87a23e960ea347c937b660fa8f8671",
                "sha256:353b22c5e3a91afc0a397fd11102cbc31665f9538c1582a4d9d2bdf3a71ec7fd",
                "sha256:364cbf7a95a088cab55796c890094353fa9a9f9470b3a347e35ddbad080e0060",
                "sha256:38ae986166b133dec47f81856969a447cba1c8673a4728adba478e8d3ecc5cc0",
                "sha256:658bd6e4af2603aaca3f56c4fa78eb98464312131c135986da2fec0fe610b964",
                "sha256:6997bb069412c322d49c9cefe5987c2e6a8b214a8066fcc30bb7753ce4856cc5",
                "sha256:6fd642704eb46a90b43223319977d8f05eb0566d9c620fa2a33c11a93b62be4b",
                "sha256:780581ba9a5179010970184148b88b4c11c41b61fe9b6cb7e064fdf82d000426",
                "sha256:8c1a7550be07838a1239da214013eaf96691f986a75891a6868aaadd4b08c525",
                "sha256:8fe70fdb7aba46c3efa981ae6307ce614e4570ecf6393f84efa9528f2cb4dc57",
                "sha256:903493e2436eb67ba07ac56de2f7baafce1a8a41e2b0eaf5ea587003e27ac037",
                "sha256:975a3d18312efa79ccb16df4aad18ba557e79db969d3c139720ed1ffe387c5ac",
                "sha256:9861d990e89a64cbab70d6fc175f317a07013746342ab2986c0d10400312b820",
                "sha256:9bfc670a0f3a2d2e34a1018baf7e2d90ffcf90436a26336735ec2cf9d0f01ee1",
                "sha256:ae9d90c075f67c9767f0d869dfb0d54f718ea91f8ef976e60e9c9aaefbbbb440",
                "sha256:cd907c84b43478771d23d7dc4017403e2452ef741bb2f56fea89c3827cca30df",
                "sha256:d5252778c7cd498a663ee704ee774c864aee47dd7f15998ef4b0ba465ddd4978",
                "sha256:dc9018079c36a6d1a1661b0cd456c45c2dd7d932e909c5b6b6c328832ad80ed2",
                "sha256:f24b38dc1551299c10ecbc5099919c056ad02e6212af336a3c51817902fa4d0f"
            ],
            "index": "pypi",
            "version": "==1.16.12"
        }
    },
    "develop": {}
}
